[[package]]
category = "main"
description = "parse() is the opposite of format()"
name = "parse"
optional = false
python-versions = "*"
version = "1.14.0"

[[package]]
category = "main"
description = "This is a python library to parse extended display identification data (EDID)"
name = "pyedid"
optional = false
python-versions = "*"
version = "0.1"

[[package]]
category = "main"
description = "Python bindings for the Qt cross-platform application and UI framework"
name = "pyside2"
optional = false
python-versions = ">=2.7, !=3.0.*, !=3.1.*, !=3.2.*, !=3.3.*, !=3.4.*, <3.9"
version = "5.14.1"

[package.dependencies]
shiboken2 = "5.14.1"

[[package]]
category = "main"
description = "Python / C++ bindings helper module"
name = "shiboken2"
optional = false
python-versions = ">=2.7, !=3.0.*, !=3.1.*, !=3.2.*, !=3.3.*, !=3.4.*, <3.9"
version = "5.14.1"

[metadata]
content-hash = "bad8f187b4bad5084189257db628ff8d03778751ecc73e116c0e1b2c423fee36"
python-versions = ">=3.6 <3.9"

[metadata.files]
parse = [
    {file = "parse-1.14.0.tar.gz", hash = "sha256:95a4f4469e37c57b5e924629ac99926f28bee7da59515dc5b8078c4c3e779249"},
]
pyedid = [
    {file = "pyedid-0.1.tar.gz", hash = "sha256:bda39542cd61af769cb7a748800b50bbab76ffa211e4b82dc9f2036b2367e504"},
]
pyside2 = [
    {file = "PySide2-5.14.1-5.14.1-cp27-cp27m-macosx_10_13_intel.whl", hash = "sha256:36cfcbcab02b580d51c710b3014ee91e5b88f518e296b9a3784f331525450cac"},
    {file = "PySide2-5.14.1-5.14.1-cp27-cp27mu-manylinux1_x86_64.whl", hash = "sha256:a6e6f7862c3232c755285eb8b2769f34ebdd678576a63ad3a63f52e60af67147"},
    {file = "PySide2-5.14.1-5.14.1-cp35.cp36.cp37.cp38-abi3-macosx_10_13_intel.whl", hash = "sha256:e2f5d41b8b306ab42d90c430f731eaf1f5de85beb8483ca84bc29f33620dcbb0"},
    {file = "PySide2-5.14.1-5.14.1-cp35.cp36.cp37.cp38-abi3-manylinux1_x86_64.whl", hash = "sha256:5b0cf7f0a9cb8fb11881b8615c7d979f5d02bdab6c3f428bf40956537c87071c"},
    {file = "PySide2-5.14.1-5.14.1-cp35.cp36.cp37.cp38-none-win32.whl", hash = "sha256:e1a03c1f98665b513f5b339d19dbe5e3b9df441e89adf52871f2fd708b9fee08"},
    {file = "PySide2-5.14.1-5.14.1-cp35.cp36.cp37.cp38-none-win_amd64.whl", hash = "sha256:a9918f00ad7dbe96342dd82de503e927006f3049c76fb708a0e9106b62fa26b2"},
]
shiboken2 = [
    {file = "shiboken2-5.14.1-5.14.1-cp27-cp27m-macosx_10_13_intel.whl", hash = "sha256:f6f119353d4861dee3f28962a80830ca3bf68509f0c89a9d779cd3cb90702091"},
    {file = "shiboken2-5.14.1-5.14.1-cp27-cp27mu-manylinux1_x86_64.whl", hash = "sha256:124b1d8dd6ea67138f08086343a4631c4ebd9f461bb8cb0c04d812ad15d03b36"},
    {file = "shiboken2-5.14.1-5.14.1-cp35.cp36.cp37.cp38-abi3-macosx_10_13_intel.whl", hash = "sha256:bf47fabc87356e49f74152baece11777b0e176edfc0665bf13a7f199d83c94b6"},
    {file = "shiboken2-5.14.1-5.14.1-cp35.cp36.cp37.cp38-abi3-manylinux1_x86_64.whl", hash = "sha256:b046f810f2409b734621972ee6bff1eac76e87f08ab0638010d99a1b79f72842"},
    {file = "shiboken2-5.14.1-5.14.1-cp35.cp36.cp37.cp38-none-win32.whl", hash = "sha256:90a3361c64b56a2029ebf7f09bdc0c7cad4d2a3020700a1dce725db8a334703c"},
    {file = "shiboken2-5.14.1-5.14.1-cp35.cp36.cp37.cp38-none-win_amd64.whl", hash = "sha256:da8ee5fc65e41b542bf50eec2db57e707255d09c460cce62c0ff12a63e3bd2c6"},
]
